
Microsoft Visual Studio Solution File, Format Version 12.00
Project("{FAE04EC0-301F-11D3-BF4B-00C04F79EFBC}") = "MyOrchestra", "MyOrchestra\MyOrchestra.csproj", "{230FD784-7168-42C3-A66C-22E7605E4A7A}"
EndProject
Global
	GlobalSection(SolutionConfigurationPlatforms) = preSolution
		Debug|Any CPU = Debug|Any CPU
		Release|Any CPU = Release|Any CPU
	EndGlobalSection
	GlobalSection(ProjectConfigurationPlatforms) = postSolution
		{230FD784-7168-42C3-A66C-22E7605E4A7A}.Debug|Any CPU.ActiveCfg = Debug|Any CPU
		{230FD784-7168-42C3-A66C-22E7605E4A7A}.Debug|Any CPU.Build.0 = Debug|Any CPU
		{230FD784-7168-42C3-A66C-22E7605E4A7A}.Release|Any CPU.ActiveCfg = Release|Any CPU
		{230FD784-7168-42C3-A66C-22E7605E4A7A}.Release|Any CPU.Build.0 = Release|Any CPU
	EndGlobalSection
EndGlobal
